
Microsoft Visual Studio Solution File, Format Version 12.00
# Visual Studio Version 16
VisualStudioVersion = 16.0.31702.278
MinimumVisualStudioVersion = 10.0.40219.1
Project("{FAE04EC0-301F-11D3-BF4B-00C04F79EFBC}") = "MTR_API_Test", "MTR_API_Test.csproj", "{483C59A0-86BA-4340-9868-DC11FB94CEEF}"
EndProject
Project("{FAE04EC0-301F-11D3-BF4B-00C04F79EFBC}") = "MTR", "..\MTR\MTR.csproj", "{1B530091-198D-4CF3-B600-ED228A66E01B}"
EndProject
Global
	GlobalSection(SolutionConfigurationPlatforms) = preSolution
		Debug|Any CPU = Debug|Any CPU
		Release|Any CPU = Release|Any CPU
	EndGlobalSection
	GlobalSection(ProjectConfigurationPlatforms) = postSolution
		{483C59A0-86BA-4340-9868-DC11FB94CEEF}.Debug|Any CPU.ActiveCfg = Debug|Any CPU
		{483C59A0-86BA-4340-9868-DC11FB94CEEF}.Debug|Any CPU.Build.0 = Debug|Any CPU
		{483C59A0-86BA-4340-9868-DC11FB94CEEF}.Release|Any CPU.ActiveCfg = Release|Any CPU
		{483C59A0-86BA-4340-9868-DC11FB94CEEF}.Release|Any CPU.Build.0 = Release|Any CPU
		{1B530091-198D-4CF3-B600-ED228A66E01B}.Debug|Any CPU.ActiveCfg = Debug|Any CPU
		{1B530091-198D-4CF3-B600-ED228A66E01B}.Debug|Any CPU.Build.0 = Debug|Any CPU
		{1B530091-198D-4CF3-B600-ED228A66E01B}.Release|Any CPU.ActiveCfg = Release|Any CPU
		{1B530091-198D-4CF3-B600-ED228A66E01B}.Release|Any CPU.Build.0 = Release|Any CPU
	EndGlobalSection
	GlobalSection(SolutionProperties) = preSolution
		HideSolutionNode = FALSE
	EndGlobalSection
	GlobalSection(ExtensibilityGlobals) = postSolution
		SolutionGuid = {573B2454-EE5E-4D04-B8F7-A8A5FD9FDE5A}
	EndGlobalSection
EndGlobal
