
Microsoft Visual Studio Solution File, Format Version 12.00
# Visual Studio Version 16
VisualStudioVersion = 16.0.31702.278
MinimumVisualStudioVersion = 10.0.40219.1
Project("{9A19103F-16F7-4668-BE54-9A1E7A4F7556}") = "MTR_API_Test", "MTR_API_Test.csproj", "{483C59A0-86BA-4340-9868-DC11FB94CEEF}"
EndProject
Project("{9A19103F-16F7-4668-BE54-9A1E7A4F7556}") = "MTR", "..\MTR\MTR.csproj", "{AFE644A6-11D4-4D19-82BE-A3849C74E8F8}"
EndProject
Global
	GlobalSection(SolutionConfigurationPlatforms) = preSolution
		Debug|Any CPU = Debug|Any CPU
		Release|Any CPU = Release|Any CPU
	EndGlobalSection
	GlobalSection(ProjectConfigurationPlatforms) = postSolution
		{483C59A0-86BA-4340-9868-DC11FB94CEEF}.Debug|Any CPU.ActiveCfg = Debug|Any CPU
		{483C59A0-86BA-4340-9868-DC11FB94CEEF}.Debug|Any CPU.Build.0 = Debug|Any CPU
		{483C59A0-86BA-4340-9868-DC11FB94CEEF}.Release|Any CPU.ActiveCfg = Release|Any CPU
		{483C59A0-86BA-4340-9868-DC11FB94CEEF}.Release|Any CPU.Build.0 = Release|Any CPU
		{AFE644A6-11D4-4D19-82BE-A3849C74E8F8}.Debug|Any CPU.ActiveCfg = Debug|Any CPU
		{AFE644A6-11D4-4D19-82BE-A3849C74E8F8}.Debug|Any CPU.Build.0 = Debug|Any CPU
		{AFE644A6-11D4-4D19-82BE-A3849C74E8F8}.Release|Any CPU.ActiveCfg = Release|Any CPU
		{AFE644A6-11D4-4D19-82BE-A3849C74E8F8}.Release|Any CPU.Build.0 = Release|Any CPU
	EndGlobalSection
	GlobalSection(SolutionProperties) = preSolution
		HideSolutionNode = FALSE
	EndGlobalSection
	GlobalSection(ExtensibilityGlobals) = postSolution
		SolutionGuid = {573B2454-EE5E-4D04-B8F7-A8A5FD9FDE5A}
	EndGlobalSection
EndGlobal
